version = 1

[dependencies._self]
path = "."

[dependencies.meridian-base]
url = "https://github.com/meridian-flow/meridian-base"
version = "v0.0.18"
commit = "ab67ce3f487438bd1b54a855da900902d1cf57eb"

[items."agents/agent-reviewer.md"]
source = "_self"
kind = "agent"
source_checksum = "sha256:65424fd7cff046387ac7c354154250bf1ee218d2ce95559c00855cc43becacb0"
installed_checksum = "sha256:65424fd7cff046387ac7c354154250bf1ee218d2ce95559c00855cc43becacb0"
dest_path = "agents/agent-reviewer.md"

[items."agents/agent-tester.md"]
source = "_self"
kind = "agent"
source_checksum = "sha256:5b851b27d24570da5409aa8c44c55e0202ca938b9132018d9bac803c99939ebb"
installed_checksum = "sha256:5b851b27d24570da5409aa8c44c55e0202ca938b9132018d9bac803c99939ebb"
dest_path = "agents/agent-tester.md"

[items."agents/agent-writer.md"]
source = "_self"
kind = "agent"
source_checksum = "sha256:039b7ec5032ba16a8b01ef561c8f60bcb70f3cd004875dd7b03cc9d6b374b6d6"
installed_checksum = "sha256:039b7ec5032ba16a8b01ef561c8f60bcb70f3cd004875dd7b03cc9d6b374b6d6"
dest_path = "agents/agent-writer.md"

[items."agents/meridian-default-orchestrator.md"]
source = "meridian-base"
kind = "agent"
version = "v0.0.18"
source_checksum = "sha256:2f521d69579a821cd8d98f8d170f86c2d45dc62d77289d7e28886774f28b06ca"
installed_checksum = "sha256:2f521d69579a821cd8d98f8d170f86c2d45dc62d77289d7e28886774f28b06ca"
dest_path = "agents/meridian-default-orchestrator.md"

[items."agents/meridian-subagent.md"]
source = "meridian-base"
kind = "agent"
version = "v0.0.18"
source_checksum = "sha256:f939f90b9694738130e7566e80a2c65b5a4b2dac7b637856272baf19c9d78bc6"
installed_checksum = "sha256:f939f90b9694738130e7566e80a2c65b5a4b2dac7b637856272baf19c9d78bc6"
dest_path = "agents/meridian-subagent.md"

[items."agents/prompter-orchestrator.md"]
source = "_self"
kind = "agent"
source_checksum = "sha256:84b59fbb851d3abbb23410c53b5aad60ffb0b60b8aa89da1f2820baa57a5376c"
installed_checksum = "sha256:84b59fbb851d3abbb23410c53b5aad60ffb0b60b8aa89da1f2820baa57a5376c"
dest_path = "agents/prompter-orchestrator.md"

[items."agents/skill-reviewer.md"]
source = "_self"
kind = "agent"
source_checksum = "sha256:12ff9fa740cb11dace7203cddf69c8eab42516846ab9da6e3688792b8b695767"
installed_checksum = "sha256:12ff9fa740cb11dace7203cddf69c8eab42516846ab9da6e3688792b8b695767"
dest_path = "agents/skill-reviewer.md"

[items."agents/skill-writer.md"]
source = "_self"
kind = "agent"
source_checksum = "sha256:f09c3447151b059e04fc1899bb018c7335758e5a7a9a2ab62866f8f18289f4ed"
installed_checksum = "sha256:f09c3447151b059e04fc1899bb018c7335758e5a7a9a2ab62866f8f18289f4ed"
dest_path = "agents/skill-writer.md"

[items."skills/agent-artifacts"]
source = "_self"
kind = "skill"
source_checksum = "sha256:6db24d28a2a802538ad467977040b3c54046e48a0a96b01bb3b38c11b79e957f"
installed_checksum = "sha256:6db24d28a2a802538ad467977040b3c54046e48a0a96b01bb3b38c11b79e957f"
dest_path = "skills/agent-artifacts"

[items."skills/agent-creator"]
source = "meridian-base"
kind = "skill"
version = "v0.0.18"
source_checksum = "sha256:53f28a0061d2ffc04cb2c2bf20f19f22376d1f73c9d19831c53450c3a11d3be8"
installed_checksum = "sha256:53f28a0061d2ffc04cb2c2bf20f19f22376d1f73c9d19831c53450c3a11d3be8"
dest_path = "skills/agent-creator"

[items."skills/agent-principles"]
source = "_self"
kind = "skill"
source_checksum = "sha256:51a3e0df192b4c3703a58f347efc005cdfa678ea60fca84bd48f0db03d230d91"
installed_checksum = "sha256:51a3e0df192b4c3703a58f347efc005cdfa678ea60fca84bd48f0db03d230d91"
dest_path = "skills/agent-principles"

[items."skills/meridian-cli"]
source = "meridian-base"
kind = "skill"
version = "v0.0.18"
source_checksum = "sha256:029b80f893f73148c45cac63af5b0a39964e68ba332c49973e6f08707608fe9f"
installed_checksum = "sha256:029b80f893f73148c45cac63af5b0a39964e68ba332c49973e6f08707608fe9f"
dest_path = "skills/meridian-cli"

[items."skills/meridian-privilege-escalation"]
source = "meridian-base"
kind = "skill"
version = "v0.0.18"
source_checksum = "sha256:e0341d4ed3657d4a4c6a0a96f804376e6f960e3f7f2fd9b91ac8d672ea4e2938"
installed_checksum = "sha256:e0341d4ed3657d4a4c6a0a96f804376e6f960e3f7f2fd9b91ac8d672ea4e2938"
dest_path = "skills/meridian-privilege-escalation"

[items."skills/meridian-spawn"]
source = "meridian-base"
kind = "skill"
version = "v0.0.18"
source_checksum = "sha256:a4d9515d3ce3bd2b26bd25dcf02ba7af8ea14115370f69a1cc6c03c872358d20"
installed_checksum = "sha256:a4d9515d3ce3bd2b26bd25dcf02ba7af8ea14115370f69a1cc6c03c872358d20"
dest_path = "skills/meridian-spawn"

[items."skills/meridian-work-coordination"]
source = "meridian-base"
kind = "skill"
version = "v0.0.18"
source_checksum = "sha256:8fa41ae4296621e85a279379951a65333786773721faa3ff2db23faa322cc0cc"
installed_checksum = "sha256:8fa41ae4296621e85a279379951a65333786773721faa3ff2db23faa322cc0cc"
dest_path = "skills/meridian-work-coordination"

[items."skills/review"]
source = "_self"
kind = "skill"
source_checksum = "sha256:194a610e17e6c9d86c587c01d00bde94d7dc33606b8ecbb662f66f5417bfe8a2"
installed_checksum = "sha256:194a610e17e6c9d86c587c01d00bde94d7dc33606b8ecbb662f66f5417bfe8a2"
dest_path = "skills/review"

[items."skills/skill-artifacts"]
source = "_self"
kind = "skill"
source_checksum = "sha256:755f95acac39ed4409807b3b2d8dec634f189b7fd935475a023c43bf675e72c0"
installed_checksum = "sha256:755f95acac39ed4409807b3b2d8dec634f189b7fd935475a023c43bf675e72c0"
dest_path = "skills/skill-artifacts"

[items."skills/skill-creator"]
source = "meridian-base"
kind = "skill"
version = "v0.0.18"
source_checksum = "sha256:58ded93f9c40f7b4eb100902d2fbf1bd220d4f9adbe07e72b4b1514c245ba186"
installed_checksum = "sha256:58ded93f9c40f7b4eb100902d2fbf1bd220d4f9adbe07e72b4b1514c245ba186"
dest_path = "skills/skill-creator"
