version = 2

[dependencies._self]
path = "."

[dependencies.meridian-base]
url = "https://github.com/meridian-flow/meridian-base"
version = "v0.1.3"
commit = "0b191758f42bb15bd6059f03b4750444864843b9"

[items."agent/prompt-dev"]
source = "_self"
kind = "agent"
source_checksum = "sha256:195c56e742002284075a2d3b7ceba337213f7941e30032fd50bc416e6c16986e"

[[items."agent/prompt-dev".outputs]]
target_root = ".mars"
dest_path = "agents/prompt-dev.md"
installed_checksum = "sha256:195c56e742002284075a2d3b7ceba337213f7941e30032fd50bc416e6c16986e"

[items."agent/prompt-reviewer"]
source = "_self"
kind = "agent"
source_checksum = "sha256:1079b11c3fbe02d19f3af28c3b0ed6ef0d5067bfcbfb97b9f962fc3b0a450967"

[[items."agent/prompt-reviewer".outputs]]
target_root = ".mars"
dest_path = "agents/prompt-reviewer.md"
installed_checksum = "sha256:1079b11c3fbe02d19f3af28c3b0ed6ef0d5067bfcbfb97b9f962fc3b0a450967"

[items."agent/prompt-tester"]
source = "_self"
kind = "agent"
source_checksum = "sha256:b184f54d9b1c3ea145a821144a1b2705aa04d50d57f0a21fa0c688ca1e664c39"

[[items."agent/prompt-tester".outputs]]
target_root = ".mars"
dest_path = "agents/prompt-tester.md"
installed_checksum = "sha256:b184f54d9b1c3ea145a821144a1b2705aa04d50d57f0a21fa0c688ca1e664c39"

[items."agent/python-tool-writer"]
source = "_self"
kind = "agent"
source_checksum = "sha256:5c05cce4f8f2bbf5e6dcbbcbfff1c3e47f69be2dd29f22908bac22e9339c2b37"

[[items."agent/python-tool-writer".outputs]]
target_root = ".mars"
dest_path = "agents/python-tool-writer.md"
installed_checksum = "sha256:5c05cce4f8f2bbf5e6dcbbcbfff1c3e47f69be2dd29f22908bac22e9339c2b37"

[items."agent/web-prompt-researcher"]
source = "_self"
kind = "agent"
source_checksum = "sha256:a474014b66619b90255ee25761afbd8a9ab1c179e458ed5231a6bdffb5de5091"

[[items."agent/web-prompt-researcher".outputs]]
target_root = ".mars"
dest_path = "agents/web-prompt-researcher.md"
installed_checksum = "sha256:a474014b66619b90255ee25761afbd8a9ab1c179e458ed5231a6bdffb5de5091"

[items."skill/agent-artifacts"]
source = "_self"
kind = "skill"
source_checksum = "sha256:5d1b09dc0733a172d1d9e89692bc9f8960805b196014fc550ecdf07128de9ae4"

[[items."skill/agent-artifacts".outputs]]
target_root = ".mars"
dest_path = "skills/agent-artifacts"
installed_checksum = "sha256:5d1b09dc0733a172d1d9e89692bc9f8960805b196014fc550ecdf07128de9ae4"

[items."skill/intent-modeling"]
source = "meridian-base"
kind = "skill"
version = "v0.1.3"
source_checksum = "sha256:bfb3b04b2914abb6a59b5e6ef424c04e5150cbfdaa38a9437301ad94279da6ad"

[[items."skill/intent-modeling".outputs]]
target_root = ".mars"
dest_path = "skills/intent-modeling"
installed_checksum = "sha256:bfb3b04b2914abb6a59b5e6ef424c04e5150cbfdaa38a9437301ad94279da6ad"

[items."skill/llm-writing"]
source = "meridian-base"
kind = "skill"
version = "v0.1.3"
source_checksum = "sha256:dd619a72aaa413da03c4ef28cc2dba26965b8bae34e5934edc193c75d76ecd58"

[[items."skill/llm-writing".outputs]]
target_root = ".mars"
dest_path = "skills/llm-writing"
installed_checksum = "sha256:dd619a72aaa413da03c4ef28cc2dba26965b8bae34e5934edc193c75d76ecd58"

[items."skill/meridian-spawn"]
source = "meridian-base"
kind = "skill"
version = "v0.1.3"
source_checksum = "sha256:408159eef94d0507635e8efabbefba6b8d298d8a4b41a9b12a2741760987f95b"

[[items."skill/meridian-spawn".outputs]]
target_root = ".mars"
dest_path = "skills/meridian-spawn"
installed_checksum = "sha256:408159eef94d0507635e8efabbefba6b8d298d8a4b41a9b12a2741760987f95b"

[items."skill/prompt-principles"]
source = "_self"
kind = "skill"
source_checksum = "sha256:868e9f2b1dba146b68a836775b4af46cbbf3dedbb7f8d4005b4148322999a735"

[[items."skill/prompt-principles".outputs]]
target_root = ".mars"
dest_path = "skills/prompt-principles"
installed_checksum = "sha256:868e9f2b1dba146b68a836775b4af46cbbf3dedbb7f8d4005b4148322999a735"

[items."skill/prompt-review"]
source = "_self"
kind = "skill"
source_checksum = "sha256:2ba7b8490ad8d9ad693cfc997d2a1fb3c7743b99a36ce9829ea1823bbaa5394d"

[[items."skill/prompt-review".outputs]]
target_root = ".mars"
dest_path = "skills/prompt-review"
installed_checksum = "sha256:2ba7b8490ad8d9ad693cfc997d2a1fb3c7743b99a36ce9829ea1823bbaa5394d"

[items."skill/skill-artifacts"]
source = "_self"
kind = "skill"
source_checksum = "sha256:95149c7779ad6368b0361110921781994807d5689152a6539eaa2c4e520672ce"

[[items."skill/skill-artifacts".outputs]]
target_root = ".mars"
dest_path = "skills/skill-artifacts"
installed_checksum = "sha256:95149c7779ad6368b0361110921781994807d5689152a6539eaa2c4e520672ce"
