version = 1

[dependencies._self]
path = "."

[dependencies.meridian-base]
url = "https://github.com/meridian-flow/meridian-base"
version = "v0.0.27"
commit = "20fb03ff99b62085d2e4d54a33b01060c62c84a4"

[items."agents/prompt-reviewer.md"]
source = "_self"
kind = "agent"
source_checksum = "sha256:a6dd1dafff624bb678554f6c28ed73ba5b7ef2f7f4399c1cf1b4ee0e124667ee"
installed_checksum = "sha256:a6dd1dafff624bb678554f6c28ed73ba5b7ef2f7f4399c1cf1b4ee0e124667ee"
dest_path = "agents/prompt-reviewer.md"

[items."agents/prompt-tester.md"]
source = "_self"
kind = "agent"
source_checksum = "sha256:ec3b4a04e4930d297068bff87be30567d96694ced761e7586e3b6f313cff686d"
installed_checksum = "sha256:ec3b4a04e4930d297068bff87be30567d96694ced761e7586e3b6f313cff686d"
dest_path = "agents/prompt-tester.md"

[items."agents/prompter-orchestrator.md"]
source = "_self"
kind = "agent"
source_checksum = "sha256:449d87482ad674fc9ed78d6bcb0b5f04f4a33e83b8270aab4583517dfe631a52"
installed_checksum = "sha256:449d87482ad674fc9ed78d6bcb0b5f04f4a33e83b8270aab4583517dfe631a52"
dest_path = "agents/prompter-orchestrator.md"

[items."agents/python-tool-writer.md"]
source = "_self"
kind = "agent"
source_checksum = "sha256:b6ce0c404186cc6f8fc74c281a6d14295d17780feeb93d8939378b9eb32f4c9f"
installed_checksum = "sha256:b6ce0c404186cc6f8fc74c281a6d14295d17780feeb93d8939378b9eb32f4c9f"
dest_path = "agents/python-tool-writer.md"

[items."agents/web-prompt-researcher.md"]
source = "_self"
kind = "agent"
source_checksum = "sha256:a474014b66619b90255ee25761afbd8a9ab1c179e458ed5231a6bdffb5de5091"
installed_checksum = "sha256:a474014b66619b90255ee25761afbd8a9ab1c179e458ed5231a6bdffb5de5091"
dest_path = "agents/web-prompt-researcher.md"

[items."skills/agent-artifacts"]
source = "_self"
kind = "skill"
source_checksum = "sha256:7889e6eb1a345fcb5bba15544e2b3283cb7208d0fe8ed39008c11d8b1e6099e0"
installed_checksum = "sha256:7889e6eb1a345fcb5bba15544e2b3283cb7208d0fe8ed39008c11d8b1e6099e0"
dest_path = "skills/agent-artifacts"

[items."skills/meridian-cli"]
source = "meridian-base"
kind = "skill"
version = "v0.0.27"
source_checksum = "sha256:be427c4b9d61befb6bea80713ec281407bdd124982c0c99eb83a7a12e8b325a2"
installed_checksum = "sha256:be427c4b9d61befb6bea80713ec281407bdd124982c0c99eb83a7a12e8b325a2"
dest_path = "skills/meridian-cli"

[items."skills/meridian-spawn"]
source = "meridian-base"
kind = "skill"
version = "v0.0.27"
source_checksum = "sha256:a0ff3daf2cf00c9dd5f009c3ba390b5f1ad0cc5265544894458b5d11a01c83b8"
installed_checksum = "sha256:a0ff3daf2cf00c9dd5f009c3ba390b5f1ad0cc5265544894458b5d11a01c83b8"
dest_path = "skills/meridian-spawn"

[items."skills/prompt-principles"]
source = "_self"
kind = "skill"
source_checksum = "sha256:2dbc08c381b9bae15668631594b81d72d031601d6fe525e22fbfca3a84b2581d"
installed_checksum = "sha256:2dbc08c381b9bae15668631594b81d72d031601d6fe525e22fbfca3a84b2581d"
dest_path = "skills/prompt-principles"

[items."skills/prompt-review"]
source = "_self"
kind = "skill"
source_checksum = "sha256:47eb3e72585527010be8a71d6a1b34537eab9c200f3a48e965c8914b784add4e"
installed_checksum = "sha256:47eb3e72585527010be8a71d6a1b34537eab9c200f3a48e965c8914b784add4e"
dest_path = "skills/prompt-review"

[items."skills/python-tools"]
source = "_self"
kind = "skill"
source_checksum = "sha256:453a20e334d662caa065beb0a1b93f70852b3c224833118f1a3e248a50d711b3"
installed_checksum = "sha256:453a20e334d662caa065beb0a1b93f70852b3c224833118f1a3e248a50d711b3"
dest_path = "skills/python-tools"

[items."skills/skill-artifacts"]
source = "_self"
kind = "skill"
source_checksum = "sha256:b0c6ea29e17f3acd6843a73dfc0f3bc890fe04352f6ab8f4bdb8bdf7c26cbd12"
installed_checksum = "sha256:b0c6ea29e17f3acd6843a73dfc0f3bc890fe04352f6ab8f4bdb8bdf7c26cbd12"
dest_path = "skills/skill-artifacts"
